dependencies:
- name: elasticsearch
  repository: https://kubernetes-charts.storage.googleapis.com/
  version: ^1.22.0
- name: kibana
  repository: https://kubernetes-charts.storage.googleapis.com/
  version: ^3.0.0
- name: filebeat
  repository: https://kubernetes-charts.storage.googleapis.com/
  version: ^1.7.0
- name: logstash
  repository: https://kubernetes-charts.storage.googleapis.com/
  version: ^1.6.0
- name: fluentd
  repository: https://kubernetes-charts.storage.googleapis.com/
  version: ^1.5.0
- name: fluent-bit
  repository: https://kubernetes-charts.storage.googleapis.com/
  version: ^1.9.0
- name: fluentd-elasticsearch
  repository: https://kubernetes-charts.storage.googleapis.com/
  version: ^2.0.0
- name: nginx-ldapauth-proxy
  repository: https://kubernetes-charts.storage.googleapis.com/
  version: ^0.1.0
- name: elasticsearch-curator
  repository: https://kubernetes-charts.storage.googleapis.com/
  version: ^1.2.0
- name: elasticsearch-exporter
  repository: https://kubernetes-charts.storage.googleapis.com/
  version: ^1.1.0
digest: sha256:ad2b747a66507c5784f1fba9adb44504681a9c468d33b480db9195c2a5fa8bbb
generated: "2020-01-10T14:13:21.769976995-05:00"
