dependencies:
- name: elasticsearch
  repository: file:///home/alex/Documents/github/charts/stable/elasticsearch
  version: 1.32.1
- name: kibana
  repository: file:///home/alex/Documents/github/charts/stable/kibana
  version: 3.2.5
- name: filebeat
  repository: file:///home/alex/Documents/github/charts/stable/filebeat
  version: 3.1.1
- name: logstash
  repository: file:///home/alex/Documents/github/charts/stable/logstash
  version: 2.4.0
- name: fluentd
  repository: file:///home/alex/Documents/github/charts/stable/fluentd
  version: 2.3.2
- name: fluent-bit
  repository: file:///home/alex/Documents/github/charts/stable/fluent-bit
  version: 2.8.5
- name: fluentd-elasticsearch
  repository: file:///home/alex/Documents/github/charts/stable/fluentd-elasticsearch
  version: 2.0.7
- name: nginx-ldapauth-proxy
  repository: file:///home/alex/Documents/github/charts/stable/nginx-ldapauth-proxy
  version: 0.1.3
- name: elasticsearch-curator
  repository: file:///home/alex/Documents/github/charts/stable/elasticsearch-curator
  version: 2.1.3
- name: elasticsearch-exporter
  repository: file:///home/alex/Documents/github/charts/stable/elasticsearch-exporter
  version: 2.1.1
digest: sha256:dbb2d0ff4b596c8e8a3f96025f174e129d498f47a966b99727a621a164e5bb78
generated: "2020-01-13T10:34:33.318405574-05:00"
